
Microsoft Visual Studio Solution File, Format Version 12.00
# Visual Studio 15
Project("{FAE04EC0-301F-11D3-BF4B-00C04F79EFBC}") = "Assembly-CSharp", "Assembly-CSharp.csproj", "{07CDD017-CC51-399E-1A1F-55E16F003C56}"
EndProject
Project("{FAE04EC0-301F-11D3-BF4B-00C04F79EFBC}") = "Unity.2D.Tilemap.Extras", "Unity.2D.Tilemap.Extras.csproj", "{52238DBA-FAEA-0E80-DA18-6584050769C5}"
EndProject
Project("{FAE04EC0-301F-11D3-BF4B-00C04F79EFBC}") = "Unity.2D.Tilemap.Extras.Editor", "Unity.2D.Tilemap.Extras.Editor.csproj", "{024DCBD1-78FD-5546-215B-FDA72FE9011D}"
EndProject
Project("{FAE04EC0-301F-11D3-BF4B-00C04F79EFBC}") = "Unity.2D.Tilemap.Extras.Placeholder.EditorTests", "Unity.2D.Tilemap.Extras.Placeholder.EditorTests.csproj", "{463234FE-F96E-B7D5-B36B-BFAE0F7613DE}"
EndProject
Global
	GlobalSection(SolutionConfigurationPlatforms) = preSolution
		Debug|Any CPU = Debug|Any CPU
		Release|Any CPU = Release|Any CPU
	EndGlobalSection
	GlobalSection(ProjectConfigurationPlatforms) = postSolution
		{07CDD017-CC51-399E-1A1F-55E16F003C56}.Debug|Any CPU.ActiveCfg = Debug|Any CPU
		{07CDD017-CC51-399E-1A1F-55E16F003C56}.Debug|Any CPU.Build.0 = Debug|Any CPU
		{07CDD017-CC51-399E-1A1F-55E16F003C56}.Release|Any CPU.ActiveCfg = Release|Any CPU
		{07CDD017-CC51-399E-1A1F-55E16F003C56}.Release|Any CPU.Build.0 = Release|Any CPU
		{52238DBA-FAEA-0E80-DA18-6584050769C5}.Debug|Any CPU.ActiveCfg = Debug|Any CPU
		{52238DBA-FAEA-0E80-DA18-6584050769C5}.Debug|Any CPU.Build.0 = Debug|Any CPU
		{52238DBA-FAEA-0E80-DA18-6584050769C5}.Release|Any CPU.ActiveCfg = Release|Any CPU
		{52238DBA-FAEA-0E80-DA18-6584050769C5}.Release|Any CPU.Build.0 = Release|Any CPU
		{024DCBD1-78FD-5546-215B-FDA72FE9011D}.Debug|Any CPU.ActiveCfg = Debug|Any CPU
		{024DCBD1-78FD-5546-215B-FDA72FE9011D}.Debug|Any CPU.Build.0 = Debug|Any CPU
		{024DCBD1-78FD-5546-215B-FDA72FE9011D}.Release|Any CPU.ActiveCfg = Release|Any CPU
		{024DCBD1-78FD-5546-215B-FDA72FE9011D}.Release|Any CPU.Build.0 = Release|Any CPU
		{463234FE-F96E-B7D5-B36B-BFAE0F7613DE}.Debug|Any CPU.ActiveCfg = Debug|Any CPU
		{463234FE-F96E-B7D5-B36B-BFAE0F7613DE}.Debug|Any CPU.Build.0 = Debug|Any CPU
		{463234FE-F96E-B7D5-B36B-BFAE0F7613DE}.Release|Any CPU.ActiveCfg = Release|Any CPU
		{463234FE-F96E-B7D5-B36B-BFAE0F7613DE}.Release|Any CPU.Build.0 = Release|Any CPU
	EndGlobalSection
	GlobalSection(SolutionProperties) = preSolution
		HideSolutionNode = FALSE
	EndGlobalSection
EndGlobal
